
Microsoft Visual Studio Solution File, Format Version 12.00
# Visual Studio 15
VisualStudioVersion = 15.0.26228.9
MinimumVisualStudioVersion = 10.0.40219.1
Project("{FAE04EC0-301F-11D3-BF4B-00C04F79EFBC}") = "CreateDocumentation", "CreateDocumentation\CreateDocumentation.csproj", "{808E6CD5-C058-49BD-AA1E-F4D16A5FCD13}"
EndProject
Project("{FAE04EC0-301F-11D3-BF4B-00C04F79EFBC}") = "BuildGlCore", "BuildGlCore\BuildGlCore.csproj", "{DB6F5850-C728-4B64-8BFA-F0AD100D49B4}"
EndProject
Project("{FAE04EC0-301F-11D3-BF4B-00C04F79EFBC}") = "BuildLibrary", "BuildLibrary\BuildLibrary.csproj", "{B164B2EE-3464-4A4E-94A2-28C385A235A6}"
EndProject
Global
	GlobalSection(SolutionConfigurationPlatforms) = preSolution
		Debug|Any CPU = Debug|Any CPU
		Debug|x86 = Debug|x86
		Release|Any CPU = Release|Any CPU
		Release|x86 = Release|x86
	EndGlobalSection
	GlobalSection(ProjectConfigurationPlatforms) = postSolution
		{808E6CD5-C058-49BD-AA1E-F4D16A5FCD13}.Debug|Any CPU.ActiveCfg = Debug|Any CPU
		{808E6CD5-C058-49BD-AA1E-F4D16A5FCD13}.Debug|Any CPU.Build.0 = Debug|Any CPU
		{808E6CD5-C058-49BD-AA1E-F4D16A5FCD13}.Debug|x86.ActiveCfg = Debug|Any CPU
		{808E6CD5-C058-49BD-AA1E-F4D16A5FCD13}.Debug|x86.Build.0 = Debug|Any CPU
		{808E6CD5-C058-49BD-AA1E-F4D16A5FCD13}.Release|Any CPU.ActiveCfg = Release|Any CPU
		{808E6CD5-C058-49BD-AA1E-F4D16A5FCD13}.Release|Any CPU.Build.0 = Release|Any CPU
		{808E6CD5-C058-49BD-AA1E-F4D16A5FCD13}.Release|x86.ActiveCfg = Release|Any CPU
		{808E6CD5-C058-49BD-AA1E-F4D16A5FCD13}.Release|x86.Build.0 = Release|Any CPU
		{DB6F5850-C728-4B64-8BFA-F0AD100D49B4}.Debug|Any CPU.ActiveCfg = Debug|Any CPU
		{DB6F5850-C728-4B64-8BFA-F0AD100D49B4}.Debug|Any CPU.Build.0 = Debug|Any CPU
		{DB6F5850-C728-4B64-8BFA-F0AD100D49B4}.Debug|x86.ActiveCfg = Debug|Any CPU
		{DB6F5850-C728-4B64-8BFA-F0AD100D49B4}.Debug|x86.Build.0 = Debug|Any CPU
		{DB6F5850-C728-4B64-8BFA-F0AD100D49B4}.Release|Any CPU.ActiveCfg = Release|Any CPU
		{DB6F5850-C728-4B64-8BFA-F0AD100D49B4}.Release|Any CPU.Build.0 = Release|Any CPU
		{DB6F5850-C728-4B64-8BFA-F0AD100D49B4}.Release|x86.ActiveCfg = Release|Any CPU
		{DB6F5850-C728-4B64-8BFA-F0AD100D49B4}.Release|x86.Build.0 = Release|Any CPU
		{B164B2EE-3464-4A4E-94A2-28C385A235A6}.Debug|Any CPU.ActiveCfg = Debug|Any CPU
		{B164B2EE-3464-4A4E-94A2-28C385A235A6}.Debug|Any CPU.Build.0 = Debug|Any CPU
		{B164B2EE-3464-4A4E-94A2-28C385A235A6}.Debug|x86.ActiveCfg = Debug|Any CPU
		{B164B2EE-3464-4A4E-94A2-28C385A235A6}.Debug|x86.Build.0 = Debug|Any CPU
		{B164B2EE-3464-4A4E-94A2-28C385A235A6}.Release|Any CPU.ActiveCfg = Release|Any CPU
		{B164B2EE-3464-4A4E-94A2-28C385A235A6}.Release|Any CPU.Build.0 = Release|Any CPU
		{B164B2EE-3464-4A4E-94A2-28C385A235A6}.Release|x86.ActiveCfg = Release|Any CPU
		{B164B2EE-3464-4A4E-94A2-28C385A235A6}.Release|x86.Build.0 = Release|Any CPU
	EndGlobalSection
	GlobalSection(SolutionProperties) = preSolution
		HideSolutionNode = FALSE
	EndGlobalSection
EndGlobal
