
Microsoft Visual Studio Solution File, Format Version 12.00
# Visual Studio 15
VisualStudioVersion = 15.0.28307.168
MinimumVisualStudioVersion = 10.0.40219.1
Project("{FAE04EC0-301F-11D3-BF4B-00C04F79EFBC}") = "OpenGLUnitTests", "OpenGLUnitTests.csproj", "{D639107F-763A-409B-BCF1-3DCA0B66638B}"
EndProject
Global
	GlobalSection(SolutionConfigurationPlatforms) = preSolution
		Debug|Any CPU = Debug|Any CPU
		Release|Any CPU = Release|Any CPU
		Debug USE_NUMERICS|Any CPU = Debug USE_NUMERICS|Any CPU
	EndGlobalSection
	GlobalSection(ProjectConfigurationPlatforms) = postSolution
		{D639107F-763A-409B-BCF1-3DCA0B66638B}.Release|Any CPU.ActiveCfg = Release|Any CPU
		{D639107F-763A-409B-BCF1-3DCA0B66638B}.Release|Any CPU.Build.0 = Release|Any CPU
		{D639107F-763A-409B-BCF1-3DCA0B66638B}.Debug|Any CPU.ActiveCfg = Debug|Any CPU
		{D639107F-763A-409B-BCF1-3DCA0B66638B}.Debug USE_NUMERICS|Any CPU.ActiveCfg = Debug USE_NUMERICS|Any CPU
		{D639107F-763A-409B-BCF1-3DCA0B66638B}.Debug USE_NUMERICS|Any CPU.Build.0 = Debug USE_NUMERICS|Any CPU
	EndGlobalSection
	GlobalSection(SolutionProperties) = preSolution
		HideSolutionNode = FALSE
	EndGlobalSection
	GlobalSection(ExtensibilityGlobals) = postSolution
		SolutionGuid = {41F8A3F8-BC6C-4B79-96CC-340E9739ADC9}
	EndGlobalSection
EndGlobal
